{
  "originHash" : "5fa6fdfb797ea99a7c6f0e1d51c3cd4ddfcdb4da00317fc69f962a73d0569a5f",
  "pins" : [
    {
      "identity" : "maplibre-gl-native-distribution",
      "kind" : "remoteSourceControl",
      "location" : "https://github.com/maplibre/maplibre-gl-native-distribution",
      "state" : {
        "revision" : "0f0359865882095c57a555a002bb90b677388874",
        "version" : "6.11.0"
      }
    }
  ],
  "version" : 3
}
