PODS:
  - Flutter (1.0.0)
  - MapLibre (6.12.3)
  - mapmetrics (0.0.1):
    - Flutter
    - MapLibre (~> 6.11)
  - objective_c (0.0.1):
    - Flutter
  - pointer_interceptor_ios (0.0.1):
    - Flutter
  - url_launcher_ios (0.0.1):
    - Flutter

DEPENDENCIES:
  - Flutter (from `Flutter`)
  - mapmetrics (from `.symlinks/plugins/mapmetrics/ios`)
  - objective_c (from `.symlinks/plugins/objective_c/ios`)
  - pointer_interceptor_ios (from `.symlinks/plugins/pointer_interceptor_ios/ios`)
  - url_launcher_ios (from `.symlinks/plugins/url_launcher_ios/ios`)

SPEC REPOS:
  trunk:
    - MapLibre

EXTERNAL SOURCES:
  Flutter:
    :path: Flutter
  mapmetrics:
    :path: ".symlinks/plugins/mapmetrics/ios"
  objective_c:
    :path: ".symlinks/plugins/objective_c/ios"
  pointer_interceptor_ios:
    :path: ".symlinks/plugins/pointer_interceptor_ios/ios"
  url_launcher_ios:
    :path: ".symlinks/plugins/url_launcher_ios/ios"

SPEC CHECKSUMS:
  Flutter: e0871f40cf51350855a761d2e70bf5af5b9b5de7
  MapLibre: 7f9542ca26ebc5ada250b30e4d72394737073379
  mapmetrics: c023a32a58d6672f8fed434f82e79af0bfa20387
  objective_c: 89e720c30d716b036faf9c9684022048eee1eee2
  pointer_interceptor_ios: ec847ef8b0915778bed2b2cef636f4d177fa8eed
  url_launcher_ios: 694010445543906933d732453a59da0a173ae33d

PODFILE CHECKSUM: 4305caec6b40dde0ae97be1573c53de1882a07e5

COCOAPODS: 1.16.2
